# This file is @generated by PDM.
# It is not intended for manual editing.

[metadata]
groups = ["default", "dev"]
strategy = []
lock_version = "4.5.0"
content_hash = "sha256:4b79e3e54cec81749711225c661db97410f6a5d51a7832d9465164890fcf5060"

[[metadata.targets]]
requires_python = ">=3.11"

[[package]]
name = "asgiref"
version = "3.9.1"
requires_python = ">=3.9"
summary = "ASGI specs, helper code, and adapters"
dependencies = [
    "typing-extensions>=4; python_version < \"3.11\"",
]
files = [
    {file = "asgiref-3.9.1-py3-none-any.whl", hash = "sha256:f3bba7092a48005b5f5bacd747d36ee4a5a61f4a269a6df590b43144355ebd2c"},
    {file = "asgiref-3.9.1.tar.gz", hash = "sha256:a5ab6582236218e5ef1648f242fd9f10626cfd4de8dc377db215d5d5098e3142"},
]

[[package]]
name = "astroid"
version = "3.3.11"
requires_python = ">=3.9.0"
summary = "An abstract syntax tree for Python with inference support."
dependencies = [
    "typing-extensions>=4; python_version < \"3.11\"",
]
files = [
    {file = "astroid-3.3.11-py3-none-any.whl", hash = "sha256:54c760ae8322ece1abd213057c4b5bba7c49818853fc901ef09719a60dbf9dec"},
    {file = "astroid-3.3.11.tar.gz", hash = "sha256:1e5a5011af2920c7c67a53f65d536d65bfa7116feeaf2354d8b94f29573bb0ce"},
]

[[package]]
name = "black"
version = "25.1.0"
requires_python = ">=3.9"
summary = "The uncompromising code formatter."
dependencies = [
    "click>=8.0.0",
    "mypy-extensions>=0.4.3",
    "packaging>=22.0",
    "pathspec>=0.9.0",
    "platformdirs>=2",
    "tomli>=1.1.0; python_version < \"3.11\"",
    "typing-extensions>=4.0.1; python_version < \"3.11\"",
]
files = [
    {file = "black-25.1.0-cp311-cp311-macosx_10_9_x86_64.whl", hash = "sha256:a39337598244de4bae26475f77dda852ea00a93bd4c728e09eacd827ec929df0"},
    {file = "black-25.1.0-cp311-cp311-macosx_11_0_arm64.whl", hash = "sha256:96c1c7cd856bba8e20094e36e0f948718dc688dba4a9d78c3adde52b9e6c2299"},
    {file = "black-25.1.0-cp311-cp311-manylinux_2_17_x86_64.manylinux2014_x86_64.manylinux_2_28_x86_64.whl", hash = "sha256:bce2e264d59c91e52d8000d507eb20a9aca4a778731a08cfff7e5ac4a4bb7096"},
    {file = "black-25.1.0-cp311-cp311-win_amd64.whl", hash = "sha256:172b1dbff09f86ce6f4eb8edf9dede08b1fce58ba194c87d7a4f1a5aa2f5b3c2"},
    {file = "black-25.1.0-cp312-cp312-macosx_10_13_x86_64.whl", hash = "sha256:4b60580e829091e6f9238c848ea6750efed72140b91b048770b64e74fe04908b"},
    {file = "black-25.1.0-cp312-cp312-macosx_11_0_arm64.whl", hash = "sha256:1e2978f6df243b155ef5fa7e558a43037c3079093ed5d10fd84c43900f2d8ecc"},
    {file = "black-25.1.0-cp312-cp312-manylinux_2_17_x86_64.manylinux2014_x86_64.manylinux_2_28_x86_64.whl", hash = "sha256:3b48735872ec535027d979e8dcb20bf4f70b5ac75a8ea99f127c106a7d7aba9f"},
    {file = "black-25.1.0-cp312-cp312-win_amd64.whl", hash = "sha256:ea0213189960bda9cf99be5b8c8ce66bb054af5e9e861249cd23471bd7b0b3ba"},
    {file = "black-25.1.0-cp313-cp313-macosx_10_13_x86_64.whl", hash = "sha256:8f0b18a02996a836cc9c9c78e5babec10930862827b1b724ddfe98ccf2f2fe4f"},
    {file = "black-25.1.0-cp313-cp313-macosx_11_0_arm64.whl", hash = "sha256:afebb7098bfbc70037a053b91ae8437c3857482d3a690fefc03e9ff7aa9a5fd3"},
    {file = "black-25.1.0-cp313-cp313-manylinux_2_17_x86_64.manylinux2014_x86_64.manylinux_2_28_x86_64.whl", hash = "sha256:030b9759066a4ee5e5aca28c3c77f9c64789cdd4de8ac1df642c40b708be6171"},
    {file = "black-25.1.0-cp313-cp313-win_amd64.whl", hash = "sha256:a22f402b410566e2d1c950708c77ebf5ebd5d0d88a6a2e87c86d9fb48afa0d18"},
    {file = "black-25.1.0-py3-none-any.whl", hash = "sha256:95e8176dae143ba9097f351d174fdaf0ccd29efb414b362ae3fd72bf0f710717"},
    {file = "black-25.1.0.tar.gz", hash = "sha256:33496d5cd1222ad73391352b4ae8da15253c5de89b93a80b3e2c8d9a19ec2666"},
]

[[package]]
name = "certifi"
version = "2025.8.3"
requires_python = ">=3.7"
summary = "Python package for providing Mozilla's CA Bundle."
files = [
    {file = "certifi-2025.8.3-py3-none-any.whl", hash = "sha256:f6c12493cfb1b06ba2ff328595af9350c65d6644968e5d3a2ffd78699af217a5"},
    {file = "certifi-2025.8.3.tar.gz", hash = "sha256:e564105f78ded564e3ae7c923924435e1daa7463faeab5bb932bc53ffae63407"},
]

[[package]]
name = "charset-normalizer"
version = "3.4.3"
requires_python = ">=3.7"
summary = "The Real First Universal Charset Detector. Open, modern and actively maintained alternative to Chardet."
files = [
    {file = "charset_normalizer-3.4.3-cp311-cp311-macosx_10_9_universal2.whl", hash = "sha256:b256ee2e749283ef3ddcff51a675ff43798d92d746d1a6e4631bf8c707d22d0b"},
    {file = "charset_normalizer-3.4.3-cp311-cp311-manylinux2014_aarch64.manylinux_2_17_aarch64.manylinux_2_28_aarch64.whl", hash = "sha256:13faeacfe61784e2559e690fc53fa4c5ae97c6fcedb8eb6fb8d0a15b475d2c64"},
    {file = "charset_normalizer-3.4.3-cp311-cp311-manylinux2014_ppc64le.manylinux_2_17_ppc64le.manylinux_2_28_ppc64le.whl", hash = "sha256:00237675befef519d9af72169d8604a067d92755e84fe76492fef5441db05b91"},
    {file = "charset_normalizer-3.4.3-cp311-cp311-manylinux2014_s390x.manylinux_2_17_s390x.manylinux_2_28_s390x.whl", hash = "sha256:585f3b2a80fbd26b048a0be90c5aae8f06605d3c92615911c3a2b03a8a3b796f"},
    {file = "charset_normalizer-3.4.3-cp311-cp311-manylinux2014_x86_64.manylinux_2_17_x86_64.manylinux_2_28_x86_64.whl", hash = "sha256:0e78314bdc32fa80696f72fa16dc61168fda4d6a0c014e0380f9d02f0e5d8a07"},
    {file = "charset_normalizer-3.4.3-cp311-cp311-musllinux_1_2_aarch64.whl", hash = "sha256:96b2b3d1a83ad55310de8c7b4a2d04d9277d5591f40761274856635acc5fcb30"},
    {file = "charset_normalizer-3.4.3-cp311-cp311-musllinux_1_2_ppc64le.whl", hash = "sha256:939578d9d8fd4299220161fdd76e86c6a251987476f5243e8864a7844476ba14"},
    {file = "charset_normalizer-3.4.3-cp311-cp311-musllinux_1_2_s390x.whl", hash = "sha256:fd10de089bcdcd1be95a2f73dbe6254798ec1bda9f450d5828c96f93e2536b9c"},
    {file = "charset_normalizer-3.4.3-cp311-cp311-musllinux_1_2_x86_64.whl", hash = "sha256:1e8ac75d72fa3775e0b7cb7e4629cec13b7514d928d15ef8ea06bca03ef01cae"},
    {file = "charset_normalizer-3.4.3-cp311-cp311-win32.whl", hash = "sha256:6cf8fd4c04756b6b60146d98cd8a77d0cdae0e1ca20329da2ac85eed779b6849"},
    {file = "charset_normalizer-3.4.3-cp311-cp311-win_amd64.whl", hash = "sha256:31a9a6f775f9bcd865d88ee350f0ffb0e25936a7f930ca98995c05abf1faf21c"},
    {file = "charset_normalizer-3.4.3-cp312-cp312-macosx_10_13_universal2.whl", hash = "sha256:e28e334d3ff134e88989d90ba04b47d84382a828c061d0d1027b1b12a62b39b1"},
    {file = "charset_normalizer-3.4.3-cp312-cp312-manylinux2014_aarch64.manylinux_2_17_aarch64.manylinux_2_28_aarch64.whl", hash = "sha256:0cacf8f7297b0c4fcb74227692ca46b4a5852f8f4f24b3c766dd94a1075c4884"},
    {file = "charset_normalizer-3.4.3-cp312-cp312-manylinux2014_ppc64le.manylinux_2_17_ppc64le.manylinux_2_28_ppc64le.whl", hash = "sha256:c6fd51128a41297f5409deab284fecbe5305ebd7e5a1f959bee1c054622b7018"},
    {file = "charset_normalizer-3.4.3-cp312-cp312-manylinux2014_s390x.manylinux_2_17_s390x.manylinux_2_28_s390x.whl", hash = "sha256:3cfb2aad70f2c6debfbcb717f23b7eb55febc0bb23dcffc0f076009da10c6392"},
    {file = "charset_normalizer-3.4.3-cp312-cp312-manylinux2014_x86_64.manylinux_2_17_x86_64.manylinux_2_28_x86_64.whl", hash = "sha256:1606f4a55c0fd363d754049cdf400175ee96c992b1f8018b993941f221221c5f"},
    {file = "charset_normalizer-3.4.3-cp312-cp312-musllinux_1_2_aarch64.whl", hash = "sha256:027b776c26d38b7f15b26a5da1044f376455fb3766df8fc38563b4efbc515154"},
    {file = "charset_normalizer-3.4.3-cp312-cp312-musllinux_1_2_ppc64le.whl", hash = "sha256:42e5088973e56e31e4fa58eb6bd709e42fc03799c11c42929592889a2e54c491"},
    {file = "charset_normalizer-3.4.3-cp312-cp312-musllinux_1_2_s390x.whl", hash = "sha256:cc34f233c9e71701040d772aa7490318673aa7164a0efe3172b2981218c26d93"},
    {file = "charset_normalizer-3.4.3-cp312-cp312-musllinux_1_2_x86_64.whl", hash = "sha256:320e8e66157cc4e247d9ddca8e21f427efc7a04bbd0ac8a9faf56583fa543f9f"},
    {file = "charset_normalizer-3.4.3-cp312-cp312-win32.whl", hash = "sha256:fb6fecfd65564f208cbf0fba07f107fb661bcd1a7c389edbced3f7a493f70e37"},
    {file = "charset_normalizer-3.4.3-cp312-cp312-win_amd64.whl", hash = "sha256:86df271bf921c2ee3818f0522e9a5b8092ca2ad8b065ece5d7d9d0e9f4849bcc"},
    {file = "charset_normalizer-3.4.3-cp313-cp313-macosx_10_13_universal2.whl", hash = "sha256:14c2a87c65b351109f6abfc424cab3927b3bdece6f706e4d12faaf3d52ee5efe"},
    {file = "charset_normalizer-3.4.3-cp313-cp313-manylinux2014_aarch64.manylinux_2_17_aarch64.manylinux_2_28_aarch64.whl", hash = "sha256:41d1fc408ff5fdfb910200ec0e74abc40387bccb3252f3f27c0676731df2b2c8"},
    {file = "charset_normalizer-3.4.3-cp313-cp313-manylinux2014_ppc64le.manylinux_2_17_ppc64le.manylinux_2_28_ppc64le.whl", hash = "sha256:1bb60174149316da1c35fa5233681f7c0f9f514509b8e399ab70fea5f17e45c9"},
    {file = "charset_normalizer-3.4.3-cp313-cp313-manylinux2014_s390x.manylinux_2_17_s390x.manylinux_2_28_s390x.whl", hash = "sha256:30d006f98569de3459c2fc1f2acde170b7b2bd265dc1943e87e1a4efe1b67c31"},
    {file = "charset_normalizer-3.4.3-cp313-cp313-manylinux2014_x86_64.manylinux_2_17_x86_64.manylinux_2_28_x86_64.whl", hash = "sha256:416175faf02e4b0810f1f38bcb54682878a4af94059a1cd63b8747244420801f"},
    {file = "charset_normalizer-3.4.3-cp313-cp313-musllinux_1_2_aarch64.whl", hash = "sha256:6aab0f181c486f973bc7262a97f5aca3ee7e1437011ef0c2ec04b5a11d16c927"},
    {file = "charset_normalizer-3.4.3-cp313-cp313-musllinux_1_2_ppc64le.whl", hash = "sha256:fdabf8315679312cfa71302f9bd509ded4f2f263fb5b765cf1433b39106c3cc9"},
    {file = "charset_normalizer-3.4.3-cp313-cp313-musllinux_1_2_s390x.whl", hash = "sha256:bd28b817ea8c70215401f657edef3a8aa83c29d447fb0b622c35403780ba11d5"},
    {file = "charset_normalizer-3.4.3-cp313-cp313-musllinux_1_2_x86_64.whl", hash = "sha256:18343b2d246dc6761a249ba1fb13f9ee9a2bcd95decc767319506056ea4ad4dc"},
    {file = "charset_normalizer-3.4.3-cp313-cp313-win32.whl", hash = "sha256:6fb70de56f1859a3f71261cbe41005f56a7842cc348d3aeb26237560bfa5e0ce"},
    {file = "charset_normalizer-3.4.3-cp313-cp313-win_amd64.whl", hash = "sha256:cf1ebb7d78e1ad8ec2a8c4732c7be2e736f6e5123a4146c5b89c9d1f585f8cef"},
    {file = "charset_normalizer-3.4.3-cp314-cp314-macosx_10_13_universal2.whl", hash = "sha256:3cd35b7e8aedeb9e34c41385fda4f73ba609e561faedfae0a9e75e44ac558a15"},
    {file = "charset_normalizer-3.4.3-cp314-cp314-manylinux2014_aarch64.manylinux_2_17_aarch64.manylinux_2_28_aarch64.whl", hash = "sha256:b89bc04de1d83006373429975f8ef9e7932534b8cc9ca582e4db7d20d91816db"},
    {file = "charset_normalizer-3.4.3-cp314-cp314-manylinux2014_ppc64le.manylinux_2_17_ppc64le.manylinux_2_28_ppc64le.whl", hash = "sha256:2001a39612b241dae17b4687898843f254f8748b796a2e16f1051a17078d991d"},
    {file = "charset_normalizer-3.4.3-cp314-cp314-manylinux2014_s390x.manylinux_2_17_s390x.manylinux_2_28_s390x.whl", hash = "sha256:8dcfc373f888e4fb39a7bc57e93e3b845e7f462dacc008d9749568b1c4ece096"},
    {file = "charset_normalizer-3.4.3-cp314-cp314-manylinux2014_x86_64.manylinux_2_17_x86_64.manylinux_2_28_x86_64.whl", hash = "sha256:18b97b8404387b96cdbd30ad660f6407799126d26a39ca65729162fd810a99aa"},
    {file = "charset_normalizer-3.4.3-cp314-cp314-musllinux_1_2_aarch64.whl", hash = "sha256:ccf600859c183d70eb47e05a44cd80a4ce77394d1ac0f79dbd2dd90a69a3a049"},
    {file = "charset_normalizer-3.4.3-cp314-cp314-musllinux_1_2_ppc64le.whl", hash = "sha256:53cd68b185d98dde4ad8990e56a58dea83a4162161b1ea9272e5c9182ce415e0"},
    {file = "charset_normalizer-3.4.3-cp314-cp314-musllinux_1_2_s390x.whl", hash = "sha256:30a96e1e1f865f78b030d65241c1ee850cdf422d869e9028e2fc1d5e4db73b92"},
    {file = "charset_normalizer-3.4.3-cp314-cp314-musllinux_1_2_x86_64.whl", hash = "sha256:d716a916938e03231e86e43782ca7878fb602a125a91e7acb8b5112e2e96ac16"},
    {file = "charset_normalizer-3.4.3-cp314-cp314-win32.whl", hash = "sha256:c6dbd0ccdda3a2ba7c2ecd9d77b37f3b5831687d8dc1b6ca5f56a4880cc7b7ce"},
    {file = "charset_normalizer-3.4.3-cp314-cp314-win_amd64.whl", hash = "sha256:73dc19b562516fc9bcf6e5d6e596df0b4eb98d87e4f79f3ae71840e6ed21361c"},
    {file = "charset_normalizer-3.4.3-py3-none-any.whl", hash = "sha256:ce571ab16d890d23b5c278547ba694193a45011ff86a9162a71307ed9f86759a"},
    {file = "charset_normalizer-3.4.3.tar.gz", hash = "sha256:6fce4b8500244f6fcb71465d4a4930d132ba9ab8e71a7859e6a5d59851068d14"},
]

[[package]]
name = "click"
version = "8.2.1"
requires_python = ">=3.10"
summary = "Composable command line interface toolkit"
dependencies = [
    "colorama; platform_system == \"Windows\"",
]
files = [
    {file = "click-8.2.1-py3-none-any.whl", hash = "sha256:61a3265b914e850b85317d0b3109c7f8cd35a670f963866005d6ef1d5175a12b"},
    {file = "click-8.2.1.tar.gz", hash = "sha256:27c491cc05d968d271d5a1db13e3b5a184636d9d930f148c50b038f0d0646202"},
]

[[package]]
name = "colorama"
version = "0.4.6"
requires_python = "!=3.0.*,!=3.1.*,!=3.2.*,!=3.3.*,!=3.4.*,!=3.5.*,!=3.6.*,>=2.7"
summary = "Cross-platform colored terminal text."
files = [
    {file = "colorama-0.4.6-py2.py3-none-any.whl", hash = "sha256:4f1d9991f5acc0ca119f9d443620b77f9d6b33703e51011c16baf57afb285fc6"},
    {file = "colorama-0.4.6.tar.gz", hash = "sha256:08695f5cb7ed6e0531a20572697297273c47b8cae5a63ffc6d6ed5c201be6e44"},
]

[[package]]
name = "coverage"
version = "7.10.3"
requires_python = ">=3.9"
summary = "Code coverage measurement for Python"
files = [
    {file = "coverage-7.10.3-cp311-cp311-macosx_10_9_x86_64.whl", hash = "sha256:f2ff2e2afdf0d51b9b8301e542d9c21a8d084fd23d4c8ea2b3a1b3c96f5f7397"},
    {file = "coverage-7.10.3-cp311-cp311-macosx_11_0_arm64.whl", hash = "sha256:18ecc5d1b9a8c570f6c9b808fa9a2b16836b3dd5414a6d467ae942208b095f85"},
    {file = "coverage-7.10.3-cp311-cp311-manylinux1_i686.manylinux_2_28_i686.manylinux_2_5_i686.whl", hash = "sha256:1af4461b25fe92889590d438905e1fc79a95680ec2a1ff69a591bb3fdb6c7157"},
    {file = "coverage-7.10.3-cp311-cp311-manylinux1_x86_64.manylinux_2_28_x86_64.manylinux_2_5_x86_64.whl", hash = "sha256:3966bc9a76b09a40dc6063c8b10375e827ea5dfcaffae402dd65953bef4cba54"},
    {file = "coverage-7.10.3-cp311-cp311-manylinux2014_aarch64.manylinux_2_17_aarch64.manylinux_2_28_aarch64.whl", hash = "sha256:205a95b87ef4eb303b7bc5118b47b6b6604a644bcbdb33c336a41cfc0a08c06a"},
    {file = "coverage-7.10.3-cp311-cp311-musllinux_1_2_aarch64.whl", hash = "sha256:5b3801b79fb2ad61e3c7e2554bab754fc5f105626056980a2b9cf3aef4f13f84"},
    {file = "coverage-7.10.3-cp311-cp311-musllinux_1_2_i686.whl", hash = "sha256:b0dc69c60224cda33d384572da945759756e3f06b9cdac27f302f53961e63160"},
    {file = "coverage-7.10.3-cp311-cp311-musllinux_1_2_x86_64.whl", hash = "sha256:a83d4f134bab2c7ff758e6bb1541dd72b54ba295ced6a63d93efc2e20cb9b124"},
    {file = "coverage-7.10.3-cp311-cp311-win32.whl", hash = "sha256:54e409dd64e5302b2a8fdf44ec1c26f47abd1f45a2dcf67bd161873ee05a59b8"},
    {file = "coverage-7.10.3-cp311-cp311-win_amd64.whl", hash = "sha256:30c601610a9b23807c5e9e2e442054b795953ab85d525c3de1b1b27cebeb2117"},
    {file = "coverage-7.10.3-cp311-cp311-win_arm64.whl", hash = "sha256:dabe662312a97958e932dee056f2659051d822552c0b866823e8ba1c2fe64770"},
    {file = "coverage-7.10.3-cp312-cp312-macosx_10_13_x86_64.whl", hash = "sha256:449c1e2d3a84d18bd204258a897a87bc57380072eb2aded6a5b5226046207b42"},
    {file = "coverage-7.10.3-cp312-cp312-macosx_11_0_arm64.whl", hash = "sha256:1d4f9ce50b9261ad196dc2b2e9f1fbbee21651b54c3097a25ad783679fd18294"},
    {file = "coverage-7.10.3-cp312-cp312-manylinux1_i686.manylinux_2_28_i686.manylinux_2_5_i686.whl", hash = "sha256:4dd4564207b160d0d45c36a10bc0a3d12563028e8b48cd6459ea322302a156d7"},
    {file = "coverage-7.10.3-cp312-cp312-manylinux1_x86_64.manylinux_2_28_x86_64.manylinux_2_5_x86_64.whl", hash = "sha256:5ca3c9530ee072b7cb6a6ea7b640bcdff0ad3b334ae9687e521e59f79b1d0437"},
    {file = "coverage-7.10.3-cp312-cp312-manylinux2014_aarch64.manylinux_2_17_aarch64.manylinux_2_28_aarch64.whl", hash = "sha256:b6df359e59fa243c9925ae6507e27f29c46698359f45e568fd51b9315dbbe587"},
    {file = "coverage-7.10.3-cp312-cp312-musllinux_1_2_aarch64.whl", hash = "sha256:a181e4c2c896c2ff64c6312db3bda38e9ade2e1aa67f86a5628ae85873786cea"},
    {file = "coverage-7.10.3-cp312-cp312-musllinux_1_2_i686.whl", hash = "sha256:a374d4e923814e8b72b205ef6b3d3a647bb50e66f3558582eda074c976923613"},
    {file = "coverage-7.10.3-cp312-cp312-musllinux_1_2_x86_64.whl", hash = "sha256:daeefff05993e5e8c6e7499a8508e7bd94502b6b9a9159c84fd1fe6bce3151cb"},
    {file = "coverage-7.10.3-cp312-cp312-win32.whl", hash = "sha256:187ecdcac21f9636d570e419773df7bd2fda2e7fa040f812e7f95d0bddf5f79a"},
    {file = "coverage-7.10.3-cp312-cp312-win_amd64.whl", hash = "sha256:4a50ad2524ee7e4c2a95e60d2b0b83283bdfc745fe82359d567e4f15d3823eb5"},
    {file = "coverage-7.10.3-cp312-cp312-win_arm64.whl", hash = "sha256:c112f04e075d3495fa3ed2200f71317da99608cbb2e9345bdb6de8819fc30571"},
    {file = "coverage-7.10.3-cp313-cp313-macosx_10_13_x86_64.whl", hash = "sha256:b99e87304ffe0eb97c5308447328a584258951853807afdc58b16143a530518a"},
    {file = "coverage-7.10.3-cp313-cp313-macosx_11_0_arm64.whl", hash = "sha256:4af09c7574d09afbc1ea7da9dcea23665c01f3bc1b1feb061dac135f98ffc53a"},
    {file = "coverage-7.10.3-cp313-cp313-manylinux1_i686.manylinux_2_28_i686.manylinux_2_5_i686.whl", hash = "sha256:488e9b50dc5d2aa9521053cfa706209e5acf5289e81edc28291a24f4e4488f46"},
    {file = "coverage-7.10.3-cp313-cp313-manylinux1_x86_64.manylinux_2_28_x86_64.manylinux_2_5_x86_64.whl", hash = "sha256:913ceddb4289cbba3a310704a424e3fb7aac2bc0c3a23ea473193cb290cf17d4"},
    {file = "coverage-7.10.3-cp313-cp313-manylinux2014_aarch64.manylinux_2_17_aarch64.manylinux_2_28_aarch64.whl", hash = "sha256:6b1f91cbc78c7112ab84ed2a8defbccd90f888fcae40a97ddd6466b0bec6ae8a"},
    {file = "coverage-7.10.3-cp313-cp313-musllinux_1_2_aarch64.whl", hash = "sha256:b0bac054d45af7cd938834b43a9878b36ea92781bcb009eab040a5b09e9927e3"},
    {file = "coverage-7.10.3-cp313-cp313-musllinux_1_2_i686.whl", hash = "sha256:fe72cbdd12d9e0f4aca873fa6d755e103888a7f9085e4a62d282d9d5b9f7928c"},
    {file = "coverage-7.10.3-cp313-cp313-musllinux_1_2_x86_64.whl", hash = "sha256:c1e2e927ab3eadd7c244023927d646e4c15c65bb2ac7ae3c3e9537c013700d21"},
    {file = "coverage-7.10.3-cp313-cp313-win32.whl", hash = "sha256:24d0c13de473b04920ddd6e5da3c08831b1170b8f3b17461d7429b61cad59ae0"},
    {file = "coverage-7.10.3-cp313-cp313-win_amd64.whl", hash = "sha256:3564aae76bce4b96e2345cf53b4c87e938c4985424a9be6a66ee902626edec4c"},
    {file = "coverage-7.10.3-cp313-cp313-win_arm64.whl", hash = "sha256:f35580f19f297455f44afcd773c9c7a058e52eb6eb170aa31222e635f2e38b87"},
    {file = "coverage-7.10.3-cp313-cp313t-macosx_10_13_x86_64.whl", hash = "sha256:07009152f497a0464ffdf2634586787aea0e69ddd023eafb23fc38267db94b84"},
    {file = "coverage-7.10.3-cp313-cp313t-macosx_11_0_arm64.whl", hash = "sha256:8dd2ba5f0c7e7e8cc418be2f0c14c4d9e3f08b8fb8e4c0f83c2fe87d03eb655e"},
    {file = "coverage-7.10.3-cp313-cp313t-manylinux1_i686.manylinux_2_28_i686.manylinux_2_5_i686.whl", hash = "sha256:1ae22b97003c74186e034a93e4f946c75fad8c0ce8d92fbbc168b5e15ee2841f"},
    {file = "coverage-7.10.3-cp313-cp313t-manylinux1_x86_64.manylinux_2_28_x86_64.manylinux_2_5_x86_64.whl", hash = "sha256:eb329f1046888a36b1dc35504d3029e1dd5afe2196d94315d18c45ee380f67d5"},
    {file = "coverage-7.10.3-cp313-cp313t-manylinux2014_aarch64.manylinux_2_17_aarch64.manylinux_2_28_aarch64.whl", hash = "sha256:ce01048199a91f07f96ca3074b0c14021f4fe7ffd29a3e6a188ac60a5c3a4af8"},
    {file = "coverage-7.10.3-cp313-cp313t-musllinux_1_2_aarch64.whl", hash = "sha256:08b989a06eb9dfacf96d42b7fb4c9a22bafa370d245dc22fa839f2168c6f9fa1"},
    {file = "coverage-7.10.3-cp313-cp313t-musllinux_1_2_i686.whl", hash = "sha256:669fe0d4e69c575c52148511029b722ba8d26e8a3129840c2ce0522e1452b256"},
    {file = "coverage-7.10.3-cp313-cp313t-musllinux_1_2_x86_64.whl", hash = "sha256:3262d19092771c83f3413831d9904b1ccc5f98da5de4ffa4ad67f5b20c7aaf7b"},
    {file = "coverage-7.10.3-cp313-cp313t-win32.whl", hash = "sha256:cc0ee4b2ccd42cab7ee6be46d8a67d230cb33a0a7cd47a58b587a7063b6c6b0e"},
    {file = "coverage-7.10.3-cp313-cp313t-win_amd64.whl", hash = "sha256:03db599f213341e2960430984e04cf35fb179724e052a3ee627a068653cf4a7c"},
    {file = "coverage-7.10.3-cp313-cp313t-win_arm64.whl", hash = "sha256:46eae7893ba65f53c71284585a262f083ef71594f05ec5c85baf79c402369098"},
    {file = "coverage-7.10.3-cp314-cp314-macosx_10_13_x86_64.whl", hash = "sha256:bce8b8180912914032785850d8f3aacb25ec1810f5f54afc4a8b114e7a9b55de"},
    {file = "coverage-7.10.3-cp314-cp314-macosx_11_0_arm64.whl", hash = "sha256:07790b4b37d56608536f7c1079bd1aa511567ac2966d33d5cec9cf520c50a7c8"},
    {file = "coverage-7.10.3-cp314-cp314-manylinux1_i686.manylinux_2_28_i686.manylinux_2_5_i686.whl", hash = "sha256:e79367ef2cd9166acedcbf136a458dfe9a4a2dd4d1ee95738fb2ee581c56f667"},
    {file = "coverage-7.10.3-cp314-cp314-manylinux1_x86_64.manylinux_2_28_x86_64.manylinux_2_5_x86_64.whl", hash = "sha256:419d2a0f769f26cb1d05e9ccbc5eab4cb5d70231604d47150867c07822acbdf4"},
    {file = "coverage-7.10.3-cp314-cp314-manylinux2014_aarch64.manylinux_2_17_aarch64.manylinux_2_28_aarch64.whl", hash = "sha256:ee221cf244757cdc2ac882e3062ab414b8464ad9c884c21e878517ea64b3fa26"},
    {file = "coverage-7.10.3-cp314-cp314-musllinux_1_2_aarch64.whl", hash = "sha256:c2079d8cdd6f7373d628e14b3357f24d1db02c9dc22e6a007418ca7a2be0435a"},
    {file = "coverage-7.10.3-cp314-cp314-musllinux_1_2_i686.whl", hash = "sha256:bd8df1f83c0703fa3ca781b02d36f9ec67ad9cb725b18d486405924f5e4270bd"},
    {file = "coverage-7.10.3-cp314-cp314-musllinux_1_2_x86_64.whl", hash = "sha256:6b4e25e0fa335c8aa26e42a52053f3786a61cc7622b4d54ae2dad994aa754fec"},
    {file = "coverage-7.10.3-cp314-cp314-win32.whl", hash = "sha256:d7c3d02c2866deb217dce664c71787f4b25420ea3eaf87056f44fb364a3528f5"},
    {file = "coverage-7.10.3-cp314-cp314-win_amd64.whl", hash = "sha256:9c8916d44d9e0fe6cdb2227dc6b0edd8bc6c8ef13438bbbf69af7482d9bb9833"},
    {file = "coverage-7.10.3-cp314-cp314-win_arm64.whl", hash = "sha256:1007d6a2b3cf197c57105cc1ba390d9ff7f0bee215ced4dea530181e49c65ab4"},
    {file = "coverage-7.10.3-cp314-cp314t-macosx_10_13_x86_64.whl", hash = "sha256:ebc8791d346410d096818788877d675ca55c91db87d60e8f477bd41c6970ffc6"},
    {file = "coverage-7.10.3-cp314-cp314t-macosx_11_0_arm64.whl", hash = "sha256:1f4e4d8e75f6fd3c6940ebeed29e3d9d632e1f18f6fb65d33086d99d4d073241"},
    {file = "coverage-7.10.3-cp314-cp314t-manylinux1_i686.manylinux_2_28_i686.manylinux_2_5_i686.whl", hash = "sha256:24581ed69f132b6225a31b0228ae4885731cddc966f8a33fe5987288bdbbbd5e"},
    {file = "coverage-7.10.3-cp314-cp314t-manylinux1_x86_64.manylinux_2_28_x86_64.manylinux_2_5_x86_64.whl", hash = "sha256:ec151569ddfccbf71bac8c422dce15e176167385a00cd86e887f9a80035ce8a5"},
    {file = "coverage-7.10.3-cp314-cp314t-manylinux2014_aarch64.manylinux_2_17_aarch64.manylinux_2_28_aarch64.whl", hash = "sha256:2ae8e7c56290b908ee817200c0b65929b8050bc28530b131fe7c6dfee3e7d86b"},
    {file = "coverage-7.10.3-cp314-cp314t-musllinux_1_2_aarch64.whl", hash = "sha256:5fb742309766d7e48e9eb4dc34bc95a424707bc6140c0e7d9726e794f11b92a0"},
    {file = "coverage-7.10.3-cp314-cp314t-musllinux_1_2_i686.whl", hash = "sha256:c65e2a5b32fbe1e499f1036efa6eb9cb4ea2bf6f7168d0e7a5852f3024f471b1"},
    {file = "coverage-7.10.3-cp314-cp314t-musllinux_1_2_x86_64.whl", hash = "sha256:d48d2cb07d50f12f4f18d2bb75d9d19e3506c26d96fffabf56d22936e5ed8f7c"},
    {file = "coverage-7.10.3-cp314-cp314t-win32.whl", hash = "sha256:dec0d9bc15ee305e09fe2cd1911d3f0371262d3cfdae05d79515d8cb712b4869"},
    {file = "coverage-7.10.3-cp314-cp314t-win_amd64.whl", hash = "sha256:424ea93a323aa0f7f01174308ea78bde885c3089ec1bef7143a6d93c3e24ef64"},
    {file = "coverage-7.10.3-cp314-cp314t-win_arm64.whl", hash = "sha256:f5983c132a62d93d71c9ef896a0b9bf6e6828d8d2ea32611f58684fba60bba35"},
    {file = "coverage-7.10.3-py3-none-any.whl", hash = "sha256:416a8d74dc0adfd33944ba2f405897bab87b7e9e84a391e09d241956bd953ce1"},
    {file = "coverage-7.10.3.tar.gz", hash = "sha256:812ba9250532e4a823b070b0420a36499859542335af3dca8f47fc6aa1a05619"},
]

[[package]]
name = "dill"
version = "0.4.0"
requires_python = ">=3.8"
summary = "serialize all of Python"
files = [
    {file = "dill-0.4.0-py3-none-any.whl", hash = "sha256:44f54bf6412c2c8464c14e8243eb163690a9800dbe2c367330883b19c7561049"},
    {file = "dill-0.4.0.tar.gz", hash = "sha256:0633f1d2df477324f53a895b02c901fb961bdbf65a17122586ea7019292cbcf0"},
]

[[package]]
name = "distutils-strtobool"
version = "0.1.0"
summary = "distutils.utils.strtobool"
files = [
    {file = "distutils-strtobool-0.1.0.tar.gz", hash = "sha256:92f189acca35ec50ca462acd70904ee8c1a81422ef3658fa2fec2b5c7068d662"},
]

[[package]]
name = "django"
version = "5.2.5"
requires_python = ">=3.10"
summary = "A high-level Python web framework that encourages rapid development and clean, pragmatic design."
dependencies = [
    "asgiref>=3.8.1",
    "sqlparse>=0.3.1",
    "tzdata; sys_platform == \"win32\"",
]
files = [
    {file = "django-5.2.5-py3-none-any.whl", hash = "sha256:2b2ada0ee8a5ff743a40e2b9820d1f8e24c11bac9ae6469cd548f0057ea6ddcd"},
    {file = "django-5.2.5.tar.gz", hash = "sha256:0745b25681b129a77aae3d4f6549b62d3913d74407831abaa0d9021a03954bae"},
]

[[package]]
name = "django-haystack"
version = "3.3.0"
summary = "Pluggable search for Django."
dependencies = [
    "Django>=3.2",
    "packaging",
]
files = [
    {file = "django_haystack-3.3.0.tar.gz", hash = "sha256:e3ceed6b8000625da14d409eb4dac69894905e2ac8ac18f9bfdb59323ca02eab"},
]

[[package]]
name = "django-stubs"
version = "5.2.2"
requires_python = ">=3.10"
summary = "Mypy stubs for Django"
dependencies = [
    "django",
    "django-stubs-ext>=5.2.2",
    "tomli; python_version < \"3.11\"",
    "types-pyyaml",
    "typing-extensions>=4.11.0",
]
files = [
    {file = "django_stubs-5.2.2-py3-none-any.whl", hash = "sha256:79bd0fdbc78958a8f63e0b062bd9d03f1de539664476c0be62ade5f063c9e41e"},
    {file = "django_stubs-5.2.2.tar.gz", hash = "sha256:2a04b510c7a812f88223fd7e6d87fb4ea98717f19c8e5c8b59691d83ad40a8a6"},
]

[[package]]
name = "django-stubs-ext"
version = "5.2.2"
requires_python = ">=3.10"
summary = "Monkey-patching and extensions for django-stubs"
dependencies = [
    "django",
    "typing-extensions",
]
files = [
    {file = "django_stubs_ext-5.2.2-py3-none-any.whl", hash = "sha256:8833bbe32405a2a0ce168d3f75a87168f61bd16939caf0e8bf173bccbd8a44c5"},
    {file = "django_stubs_ext-5.2.2.tar.gz", hash = "sha256:d9d151b919fe2438760f5bd938f03e1cb08c84d0651f9e5917f1313907e42683"},
]

[[package]]
name = "djangorestframework"
version = "3.16.1"
requires_python = ">=3.9"
summary = "Web APIs for Django, made easy."
dependencies = [
    "django>=4.2",
]
files = [
    {file = "djangorestframework-3.16.1-py3-none-any.whl", hash = "sha256:33a59f47fb9c85ede792cbf88bde71893bcda0667bc573f784649521f1102cec"},
    {file = "djangorestframework-3.16.1.tar.gz", hash = "sha256:166809528b1aced0a17dc66c24492af18049f2c9420dbd0be29422029cfc3ff7"},
]

[[package]]
name = "djangorestframework-stubs"
version = "3.16.1"
requires_python = ">=3.10"
summary = "PEP-484 stubs for django-rest-framework"
dependencies = [
    "django-stubs>=5.2.1",
    "requests>=2.0",
    "types-PyYAML",
    "types-requests",
    "typing-extensions>=4.0",
]
files = [
    {file = "djangorestframework_stubs-3.16.1-py3-none-any.whl", hash = "sha256:0c8f05469473264603e450619d0466c3e4012ebed124cc0d52ac04dfa32ace00"},
    {file = "djangorestframework_stubs-3.16.1.tar.gz", hash = "sha256:8e2662e2a751de5f535fbf7be03b534eb00a89bb9f1937d11a73f568dfb23dd1"},
]

[[package]]
name = "idna"
version = "3.10"
requires_python = ">=3.6"
summary = "Internationalized Domain Names in Applications (IDNA)"
files = [
    {file = "idna-3.10-py3-none-any.whl", hash = "sha256:946d195a0d259cbba61165e88e65941f16e9b36ea6ddb97f00452bae8b1287d3"},
    {file = "idna-3.10.tar.gz", hash = "sha256:12f65c9b470abda6dc35cf8e63cc574b1c52b11df2c86030af0ac09b01b13ea9"},
]

[[package]]
name = "isort"
version = "6.0.1"
requires_python = ">=3.9.0"
summary = "A Python utility / library to sort Python imports."
files = [
    {file = "isort-6.0.1-py3-none-any.whl", hash = "sha256:2dc5d7f65c9678d94c88dfc29161a320eec67328bc97aad576874cb4be1e9615"},
    {file = "isort-6.0.1.tar.gz", hash = "sha256:1cb5df28dfbc742e490c5e41bad6da41b805b0a8be7bc93cd0fb2a8a890ac450"},
]

[[package]]
name = "mccabe"
version = "0.7.0"
requires_python = ">=3.6"
summary = "McCabe checker, plugin for flake8"
files = [
    {file = "mccabe-0.7.0-py2.py3-none-any.whl", hash = "sha256:6c2d30ab6be0e4a46919781807b4f0d834ebdd6c6e3dca0bda5a15f863427b6e"},
    {file = "mccabe-0.7.0.tar.gz", hash = "sha256:348e0240c33b60bbdf4e523192ef919f28cb2c3d7d5c7794f74009290f236325"},
]

[[package]]
name = "mutagen"
version = "1.47.0"
requires_python = ">=3.7"
summary = "read and write audio tags for many formats"
files = [
    {file = "mutagen-1.47.0-py3-none-any.whl", hash = "sha256:edd96f50c5907a9539d8e5bba7245f62c9f520aef333d13392a79a4f70aca719"},
    {file = "mutagen-1.47.0.tar.gz", hash = "sha256:719fadef0a978c31b4cf3c956261b3c58b6948b32023078a2117b1de09f0fc99"},
]

[[package]]
name = "mypy"
version = "1.17.1"
requires_python = ">=3.9"
summary = "Optional static typing for Python"
dependencies = [
    "mypy-extensions>=1.0.0",
    "pathspec>=0.9.0",
    "tomli>=1.1.0; python_version < \"3.11\"",
    "typing-extensions>=4.6.0",
]
files = [
    {file = "mypy-1.17.1-cp311-cp311-macosx_10_9_x86_64.whl", hash = "sha256:ad37544be07c5d7fba814eb370e006df58fed8ad1ef33ed1649cb1889ba6ff58"},
    {file = "mypy-1.17.1-cp311-cp311-macosx_11_0_arm64.whl", hash = "sha256:064e2ff508e5464b4bd807a7c1625bc5047c5022b85c70f030680e18f37273a5"},
    {file = "mypy-1.17.1-cp311-cp311-manylinux2014_aarch64.manylinux_2_17_aarch64.manylinux_2_28_aarch64.whl", hash = "sha256:70401bbabd2fa1aa7c43bb358f54037baf0586f41e83b0ae67dd0534fc64edfd"},
    {file = "mypy-1.17.1-cp311-cp311-manylinux2014_x86_64.manylinux_2_17_x86_64.manylinux_2_28_x86_64.whl", hash = "sha256:e92bdc656b7757c438660f775f872a669b8ff374edc4d18277d86b63edba6b8b"},
    {file = "mypy-1.17.1-cp311-cp311-musllinux_1_2_x86_64.whl", hash = "sha256:c1fdf4abb29ed1cb091cf432979e162c208a5ac676ce35010373ff29247bcad5"},
    {file = "mypy-1.17.1-cp311-cp311-win_amd64.whl", hash = "sha256:ff2933428516ab63f961644bc49bc4cbe42bbffb2cd3b71cc7277c07d16b1a8b"},
    {file = "mypy-1.17.1-cp312-cp312-macosx_10_13_x86_64.whl", hash = "sha256:69e83ea6553a3ba79c08c6e15dbd9bfa912ec1e493bf75489ef93beb65209aeb"},
    {file = "mypy-1.17.1-cp312-cp312-macosx_11_0_arm64.whl", hash = "sha256:1b16708a66d38abb1e6b5702f5c2c87e133289da36f6a1d15f6a5221085c6403"},
    {file = "mypy-1.17.1-cp312-cp312-manylinux2014_aarch64.manylinux_2_17_aarch64.manylinux_2_28_aarch64.whl", hash = "sha256:89e972c0035e9e05823907ad5398c5a73b9f47a002b22359b177d40bdaee7056"},
    {file = "mypy-1.17.1-cp312-cp312-manylinux2014_x86_64.manylinux_2_17_x86_64.manylinux_2_28_x86_64.whl", hash = "sha256:03b6d0ed2b188e35ee6d5c36b5580cffd6da23319991c49ab5556c023ccf1341"},
    {file = "mypy-1.17.1-cp312-cp312-musllinux_1_2_x86_64.whl", hash = "sha256:c837b896b37cd103570d776bda106eabb8737aa6dd4f248451aecf53030cdbeb"},
    {file = "mypy-1.17.1-cp312-cp312-win_amd64.whl", hash = "sha256:665afab0963a4b39dff7c1fa563cc8b11ecff7910206db4b2e64dd1ba25aed19"},
    {file = "mypy-1.17.1-cp313-cp313-macosx_10_13_x86_64.whl", hash = "sha256:93378d3203a5c0800c6b6d850ad2f19f7a3cdf1a3701d3416dbf128805c6a6a7"},
    {file = "mypy-1.17.1-cp313-cp313-macosx_11_0_arm64.whl", hash = "sha256:15d54056f7fe7a826d897789f53dd6377ec2ea8ba6f776dc83c2902b899fee81"},
    {file = "mypy-1.17.1-cp313-cp313-manylinux2014_aarch64.manylinux_2_17_aarch64.manylinux_2_28_aarch64.whl", hash = "sha256:209a58fed9987eccc20f2ca94afe7257a8f46eb5df1fb69958650973230f91e6"},
    {file = "mypy-1.17.1-cp313-cp313-manylinux2014_x86_64.manylinux_2_17_x86_64.manylinux_2_28_x86_64.whl", hash = "sha256:099b9a5da47de9e2cb5165e581f158e854d9e19d2e96b6698c0d64de911dd849"},
    {file = "mypy-1.17.1-cp313-cp313-musllinux_1_2_x86_64.whl", hash = "sha256:fa6ffadfbe6994d724c5a1bb6123a7d27dd68fc9c059561cd33b664a79578e14"},
    {file = "mypy-1.17.1-cp313-cp313-win_amd64.whl", hash = "sha256:9a2b7d9180aed171f033c9f2fc6c204c1245cf60b0cb61cf2e7acc24eea78e0a"},
    {file = "mypy-1.17.1-cp314-cp314-macosx_10_13_x86_64.whl", hash = "sha256:15a83369400454c41ed3a118e0cc58bd8123921a602f385cb6d6ea5df050c733"},
    {file = "mypy-1.17.1-cp314-cp314-macosx_11_0_arm64.whl", hash = "sha256:55b918670f692fc9fba55c3298d8a3beae295c5cded0a55dccdc5bbead814acd"},
    {file = "mypy-1.17.1-cp314-cp314-manylinux2014_aarch64.manylinux_2_17_aarch64.manylinux_2_28_aarch64.whl", hash = "sha256:62761474061feef6f720149d7ba876122007ddc64adff5ba6f374fda35a018a0"},
    {file = "mypy-1.17.1-cp314-cp314-manylinux2014_x86_64.manylinux_2_17_x86_64.manylinux_2_28_x86_64.whl", hash = "sha256:c49562d3d908fd49ed0938e5423daed8d407774a479b595b143a3d7f87cdae6a"},
    {file = "mypy-1.17.1-cp314-cp314-musllinux_1_2_x86_64.whl", hash = "sha256:397fba5d7616a5bc60b45c7ed204717eaddc38f826e3645402c426057ead9a91"},
    {file = "mypy-1.17.1-cp314-cp314-win_amd64.whl", hash = "sha256:9d6b20b97d373f41617bd0708fd46aa656059af57f2ef72aa8c7d6a2b73b74ed"},
    {file = "mypy-1.17.1-py3-none-any.whl", hash = "sha256:a9f52c0351c21fe24c21d8c0eb1f62967b262d6729393397b6f443c3b773c3b9"},
    {file = "mypy-1.17.1.tar.gz", hash = "sha256:25e01ec741ab5bb3eec8ba9cdb0f769230368a22c959c4937360efb89b7e9f01"},
]

[[package]]
name = "mypy-extensions"
version = "1.1.0"
requires_python = ">=3.8"
summary = "Type system extensions for programs checked with the mypy type checker."
files = [
    {file = "mypy_extensions-1.1.0-py3-none-any.whl", hash = "sha256:1be4cccdb0f2482337c4743e60421de3a356cd97508abadd57d47403e94f5505"},
    {file = "mypy_extensions-1.1.0.tar.gz", hash = "sha256:52e68efc3284861e772bbcd66823fde5ae21fd2fdb51c62a211403730b916558"},
]

[[package]]
name = "packaging"
version = "25.0"
requires_python = ">=3.8"
summary = "Core utilities for Python packages"
files = [
    {file = "packaging-25.0-py3-none-any.whl", hash = "sha256:29572ef2b1f17581046b3a2227d5c611fb25ec70ca1ba8554b24b0e69331a484"},
    {file = "packaging-25.0.tar.gz", hash = "sha256:d443872c98d677bf60f6a1f2f8c1cb748e8fe762d2bf9d3148b5599295b0fc4f"},
]

[[package]]
name = "pathspec"
version = "0.12.1"
requires_python = ">=3.8"
summary = "Utility library for gitignore style pattern matching of file paths."
files = [
    {file = "pathspec-0.12.1-py3-none-any.whl", hash = "sha256:a0d503e138a4c123b27490a4f7beda6a01c6f288df0e4a8b79c7eb0dc7b4cc08"},
    {file = "pathspec-0.12.1.tar.gz", hash = "sha256:a482d51503a1ab33b1c67a6c3813a26953dbdc71c31dacaef9a838c4e29f5712"},
]

[[package]]
name = "platformdirs"
version = "4.3.8"
requires_python = ">=3.9"
summary = "A small Python package for determining appropriate platform-specific dirs, e.g. a `user data dir`."
files = [
    {file = "platformdirs-4.3.8-py3-none-any.whl", hash = "sha256:ff7059bb7eb1179e2685604f4aaf157cfd9535242bd23742eadc3c13542139b4"},
    {file = "platformdirs-4.3.8.tar.gz", hash = "sha256:3d512d96e16bcb959a814c9f348431070822a6496326a4be0911c40b5a74c2bc"},
]

[[package]]
name = "pylast"
version = "1.6.0"
summary = "A Python interface to Last.fm and Libre.fm"
dependencies = [
    "six",
]
files = [
    {file = "pylast-1.6.0.tar.gz", hash = "sha256:6bf325ee0fdeb35780554843cf64df99304abb98c5ce2e451c0df7e95e08b42e"},
]

[[package]]
name = "pylint"
version = "3.3.8"
requires_python = ">=3.9.0"
summary = "python code static checker"
dependencies = [
    "astroid<=3.4.0.dev0,>=3.3.8",
    "colorama>=0.4.5; sys_platform == \"win32\"",
    "dill>=0.2; python_version < \"3.11\"",
    "dill>=0.3.6; python_version >= \"3.11\"",
    "dill>=0.3.7; python_version >= \"3.12\"",
    "isort!=5.13,<7,>=4.2.5",
    "mccabe<0.8,>=0.6",
    "platformdirs>=2.2",
    "tomli>=1.1; python_version < \"3.11\"",
    "tomlkit>=0.10.1",
    "typing-extensions>=3.10; python_version < \"3.10\"",
]
files = [
    {file = "pylint-3.3.8-py3-none-any.whl", hash = "sha256:7ef94aa692a600e82fabdd17102b73fc226758218c97473c7ad67bd4cb905d83"},
    {file = "pylint-3.3.8.tar.gz", hash = "sha256:26698de19941363037e2937d3db9ed94fb3303fdadf7d98847875345a8bb6b05"},
]

[[package]]
name = "pylint-django"
version = "2.6.1"
requires_python = "<4.0,>=3.9"
summary = "A Pylint plugin to help Pylint understand the Django web framework"
dependencies = [
    "pylint-plugin-utils>=0.8",
    "pylint<4,>=3.0",
]
files = [
    {file = "pylint-django-2.6.1.tar.gz", hash = "sha256:19e8c85a8573a04e3de7be2ba91e9a7c818ebf05e1b617be2bbae67a906b725f"},
    {file = "pylint_django-2.6.1-py3-none-any.whl", hash = "sha256:359f68fe8c810ee6bc8e1ab4c83c19b15a43b234a24b08978f47a23462b5ce28"},
]

[[package]]
name = "pylint-plugin-utils"
version = "0.9.0"
requires_python = "<4.0,>=3.9"
summary = "Utilities and helpers for writing Pylint plugins"
dependencies = [
    "pylint>=1.7",
]
files = [
    {file = "pylint_plugin_utils-0.9.0-py3-none-any.whl", hash = "sha256:16e9b84e5326ba893a319a0323fcc8b4bcc9c71fc654fcabba0605596c673818"},
    {file = "pylint_plugin_utils-0.9.0.tar.gz", hash = "sha256:5468d763878a18d5cc4db46eaffdda14313b043c962a263a7d78151b90132055"},
]

[[package]]
name = "python-mpd2"
version = "3.1.1"
requires_python = ">=3.6"
summary = "A Python MPD client library"
files = [
    {file = "python-mpd2-3.1.1.tar.gz", hash = "sha256:4baec3584cc43ed9948d5559079fafc2679b06b2ade273e909b3582654b2b3f5"},
    {file = "python_mpd2-3.1.1-py2.py3-none-any.whl", hash = "sha256:86bf1100a0b135959d74a9a7a58cf0515bf30bb54eb25ae6fb8e175e50300fc3"},
]

[[package]]
name = "requests"
version = "2.32.4"
requires_python = ">=3.8"
summary = "Python HTTP for Humans."
dependencies = [
    "certifi>=2017.4.17",
    "charset-normalizer<4,>=2",
    "idna<4,>=2.5",
    "urllib3<3,>=1.21.1",
]
files = [
    {file = "requests-2.32.4-py3-none-any.whl", hash = "sha256:27babd3cda2a6d50b30443204ee89830707d396671944c998b5975b031ac2b2c"},
    {file = "requests-2.32.4.tar.gz", hash = "sha256:27d0316682c8a29834d3264820024b62a36942083d52caf2f14c0591336d3422"},
]

[[package]]
name = "six"
version = "1.17.0"
requires_python = "!=3.0.*,!=3.1.*,!=3.2.*,>=2.7"
summary = "Python 2 and 3 compatibility utilities"
files = [
    {file = "six-1.17.0-py2.py3-none-any.whl", hash = "sha256:4721f391ed90541fddacab5acf947aa0d3dc7d27b2e1e8eda2be8970586c3274"},
    {file = "six-1.17.0.tar.gz", hash = "sha256:ff70335d468e7eb6ec65b95b99d3a2836546063f63acc5171de367e834932a81"},
]

[[package]]
name = "sqlparse"
version = "0.5.3"
requires_python = ">=3.8"
summary = "A non-validating SQL parser."
files = [
    {file = "sqlparse-0.5.3-py3-none-any.whl", hash = "sha256:cf2196ed3418f3ba5de6af7e82c694a9fbdbfecccdfc72e281548517081f16ca"},
    {file = "sqlparse-0.5.3.tar.gz", hash = "sha256:09f67787f56a0b16ecdbde1bfc7f5d9c3371ca683cfeaa8e6ff60b4807ec9272"},
]

[[package]]
name = "tomlkit"
version = "0.13.3"
requires_python = ">=3.8"
summary = "Style preserving TOML library"
files = [
    {file = "tomlkit-0.13.3-py3-none-any.whl", hash = "sha256:c89c649d79ee40629a9fda55f8ace8c6a1b42deb912b2a8fd8d942ddadb606b0"},
    {file = "tomlkit-0.13.3.tar.gz", hash = "sha256:430cf247ee57df2b94ee3fbe588e71d362a941ebb545dec29b53961d61add2a1"},
]

[[package]]
name = "tornado"
version = "6.5.2"
requires_python = ">=3.9"
summary = "Tornado is a Python web framework and asynchronous networking library, originally developed at FriendFeed."
files = [
    {file = "tornado-6.5.2-cp39-abi3-macosx_10_9_universal2.whl", hash = "sha256:2436822940d37cde62771cff8774f4f00b3c8024fe482e16ca8387b8a2724db6"},
    {file = "tornado-6.5.2-cp39-abi3-macosx_10_9_x86_64.whl", hash = "sha256:583a52c7aa94ee046854ba81d9ebb6c81ec0fd30386d96f7640c96dad45a03ef"},
    {file = "tornado-6.5.2-cp39-abi3-manylinux_2_17_aarch64.manylinux2014_aarch64.whl", hash = "sha256:b0fe179f28d597deab2842b86ed4060deec7388f1fd9c1b4a41adf8af058907e"},
    {file = "tornado-6.5.2-cp39-abi3-manylinux_2_5_i686.manylinux1_i686.manylinux_2_17_i686.manylinux2014_i686.whl", hash = "sha256:b186e85d1e3536d69583d2298423744740986018e393d0321df7340e71898882"},
    {file = "tornado-6.5.2-cp39-abi3-manylinux_2_5_x86_64.manylinux1_x86_64.manylinux_2_17_x86_64.manylinux2014_x86_64.whl", hash = "sha256:e792706668c87709709c18b353da1f7662317b563ff69f00bab83595940c7108"},
    {file = "tornado-6.5.2-cp39-abi3-musllinux_1_2_aarch64.whl", hash = "sha256:06ceb1300fd70cb20e43b1ad8aaee0266e69e7ced38fa910ad2e03285009ce7c"},
    {file = "tornado-6.5.2-cp39-abi3-musllinux_1_2_i686.whl", hash = "sha256:74db443e0f5251be86cbf37929f84d8c20c27a355dd452a5cfa2aada0d001ec4"},
    {file = "tornado-6.5.2-cp39-abi3-musllinux_1_2_x86_64.whl", hash = "sha256:b5e735ab2889d7ed33b32a459cac490eda71a1ba6857b0118de476ab6c366c04"},
    {file = "tornado-6.5.2-cp39-abi3-win32.whl", hash = "sha256:c6f29e94d9b37a95013bb669616352ddb82e3bfe8326fccee50583caebc8a5f0"},
    {file = "tornado-6.5.2-cp39-abi3-win_amd64.whl", hash = "sha256:e56a5af51cc30dd2cae649429af65ca2f6571da29504a07995175df14c18f35f"},
    {file = "tornado-6.5.2-cp39-abi3-win_arm64.whl", hash = "sha256:d6c33dc3672e3a1f3618eb63b7ef4683a7688e7b9e6e8f0d9aa5726360a004af"},
    {file = "tornado-6.5.2.tar.gz", hash = "sha256:ab53c8f9a0fa351e2c0741284e06c7a45da86afb544133201c5cc8578eb076a0"},
]

[[package]]
name = "types-pyyaml"
version = "6.0.12.20250809"
requires_python = ">=3.9"
summary = "Typing stubs for PyYAML"
files = [
    {file = "types_pyyaml-6.0.12.20250809-py3-none-any.whl", hash = "sha256:032b6003b798e7de1a1ddfeefee32fac6486bdfe4845e0ae0e7fb3ee4512b52f"},
    {file = "types_pyyaml-6.0.12.20250809.tar.gz", hash = "sha256:af4a1aca028f18e75297da2ee0da465f799627370d74073e96fee876524f61b5"},
]

[[package]]
name = "types-requests"
version = "2.32.4.20250809"
requires_python = ">=3.9"
summary = "Typing stubs for requests"
dependencies = [
    "urllib3>=2",
]
files = [
    {file = "types_requests-2.32.4.20250809-py3-none-any.whl", hash = "sha256:f73d1832fb519ece02c85b1f09d5f0dd3108938e7d47e7f94bbfa18a6782b163"},
    {file = "types_requests-2.32.4.20250809.tar.gz", hash = "sha256:d8060de1c8ee599311f56ff58010fb4902f462a1470802cf9f6ed27bc46c4df3"},
]

[[package]]
name = "typing-extensions"
version = "4.14.1"
requires_python = ">=3.9"
summary = "Backported and Experimental Type Hints for Python 3.9+"
files = [
    {file = "typing_extensions-4.14.1-py3-none-any.whl", hash = "sha256:d1e1e3b58374dc93031d6eda2420a48ea44a36c2b4766a4fdeb3710755731d76"},
    {file = "typing_extensions-4.14.1.tar.gz", hash = "sha256:38b39f4aeeab64884ce9f74c94263ef78f3c22467c8724005483154c26648d36"},
]

[[package]]
name = "typos"
version = "1.35.4"
requires_python = ">=3.7"
summary = ""
files = [
    {file = "typos-1.35.4-py3-none-macosx_10_12_x86_64.whl", hash = "sha256:8b3cb6caeed577bc7e055e484b0338c84d1381366b563ed50c9ecb716725a356"},
    {file = "typos-1.35.4-py3-none-macosx_11_0_arm64.whl", hash = "sha256:4d0f8735169a38a3c6b56b3de8292dba52348e4c3e5a639c565a37a8290c764d"},
    {file = "typos-1.35.4-py3-none-manylinux_2_17_aarch64.manylinux2014_aarch64.whl", hash = "sha256:d172f7b08b5b1fffece97f396b245a1942d08ec0b7178c517e6d10b4feadbef4"},
    {file = "typos-1.35.4-py3-none-manylinux_2_17_i686.manylinux2014_i686.whl", hash = "sha256:c38e77f92eb8ace84fcc6d6bd02166daedc174a0e1b612ff272f8c6dd777d2c6"},
    {file = "typos-1.35.4-py3-none-manylinux_2_17_x86_64.manylinux2014_x86_64.whl", hash = "sha256:c06733e88cdc095025176bd105f51befade7c9f164d1736d33e41a8d8b3b800b"},
    {file = "typos-1.35.4-py3-none-musllinux_1_2_aarch64.whl", hash = "sha256:efd9921624ce8af0b4b5018517b35cbc8dfc49f5bfd22ca00a84ef91827edbf5"},
    {file = "typos-1.35.4-py3-none-musllinux_1_2_x86_64.whl", hash = "sha256:7c06bd5cbf8abe91278abfd6326465deb0b0f0235b71af0c5d528e59de2afebf"},
    {file = "typos-1.35.4-py3-none-win32.whl", hash = "sha256:b96984af515106b330ce2fa68ee7cbb6346198190db628082a7658ce12029ed1"},
    {file = "typos-1.35.4-py3-none-win_amd64.whl", hash = "sha256:11b4fd02294a5848256f4fcccd53c0d915ed8e3b9399edf75445d2f5dbf0e708"},
    {file = "typos-1.35.4.tar.gz", hash = "sha256:ccc0726f6cb940d89b0d58845a8f8ac602577d11380ebe5fb063ac7a3e631505"},
]

[[package]]
name = "tzdata"
version = "2025.2"
requires_python = ">=2"
summary = "Provider of IANA time zone data"
files = [
    {file = "tzdata-2025.2-py2.py3-none-any.whl", hash = "sha256:1a403fada01ff9221ca8044d701868fa132215d84beb92242d9acd2147f667a8"},
    {file = "tzdata-2025.2.tar.gz", hash = "sha256:b60a638fcc0daffadf82fe0f57e53d06bdec2f36c4df66280ae79bce6bd6f2b9"},
]

[[package]]
name = "unittest-fixtures"
version = "2.1.2"
requires_python = ">=3.11"
summary = "A small library for loading unittest fixtures"
files = [
    {file = "unittest_fixtures-2.1.2-py3-none-any.whl", hash = "sha256:6502e049def69776c264c836a66a93cae8a26f8cc934a5a7e366ffc4b64254ab"},
    {file = "unittest_fixtures-2.1.2.tar.gz", hash = "sha256:1d99975e8983418455f4931e6912908a11f4c63268ae0d26b7c171fb566e5760"},
]

[[package]]
name = "urllib3"
version = "2.5.0"
requires_python = ">=3.9"
summary = "HTTP library with thread-safe connection pooling, file post, and more."
files = [
    {file = "urllib3-2.5.0-py3-none-any.whl", hash = "sha256:e6b01673c0fa6a13e374b50871808eb3bf7046c4b125b216f6bf1cc604cff0dc"},
    {file = "urllib3-2.5.0.tar.gz", hash = "sha256:3fc47733c7e419d4bc3f6b3dc2b4f890bb743906a30d56ba4a5bfa4bbff92760"},
]

[[package]]
name = "whoosh"
version = "2.7.4"
summary = "Fast, pure-Python full text indexing, search, and spell checking library."
files = [
    {file = "Whoosh-2.7.4-py2.py3-none-any.whl", hash = "sha256:aa39c3c3426e3fd107dcb4bde64ca1e276a65a889d9085a6e4b54ba82420a852"},
    {file = "Whoosh-2.7.4.tar.gz", hash = "sha256:7ca5633dbfa9e0e0fa400d3151a8a0c4bec53bd2ecedc0a67705b17565c31a83"},
    {file = "Whoosh-2.7.4.zip", hash = "sha256:e0857375f63e9041e03fedd5b7541f97cf78917ac1b6b06c1fcc9b45375dda69"},
]
